
Microsoft Visual Studio Solution File, Format Version 12.00
# Visual Studio Version 16
VisualStudioVersion = 16.0.31624.102
MinimumVisualStudioVersion = 10.0.40219.1
Project("{FAE04EC0-301F-11D3-BF4B-00C04F79EFBC}") = "ReadWrite", "ReadWrite\ReadWrite.csproj", "{15588483-7EF5-4104-839B-F51F8B3C5B63}"
EndProject
Global
	GlobalSection(SolutionConfigurationPlatforms) = preSolution
		Debug|Any CPU = Debug|Any CPU
		Release|Any CPU = Release|Any CPU
	EndGlobalSection
	GlobalSection(ProjectConfigurationPlatforms) = postSolution
		{15588483-7EF5-4104-839B-F51F8B3C5B63}.Debug|Any CPU.ActiveCfg = Debug|Any CPU
		{15588483-7EF5-4104-839B-F51F8B3C5B63}.Debug|Any CPU.Build.0 = Debug|Any CPU
		{15588483-7EF5-4104-839B-F51F8B3C5B63}.Release|Any CPU.ActiveCfg = Release|Any CPU
		{15588483-7EF5-4104-839B-F51F8B3C5B63}.Release|Any CPU.Build.0 = Release|Any CPU
	EndGlobalSection
	GlobalSection(SolutionProperties) = preSolution
		HideSolutionNode = FALSE
	EndGlobalSection
	GlobalSection(ExtensibilityGlobals) = postSolution
		SolutionGuid = {67079FED-8609-40AB-8FC6-59AA2F4209AF}
	EndGlobalSection
EndGlobal
